
Microsoft Visual Studio Solution File, Format Version 12.00
# Visual Studio 14
VisualStudioVersion = 14.0.25420.1
MinimumVisualStudioVersion = 10.0.40219.1
Project("{FAE04EC0-301F-11D3-BF4B-00C04F79EFBC}") = "App1.Droid", "App1\App1.Droid\App1.Droid.csproj", "{C419538F-A6B6-4FCF-913F-CC538E4F10C7}"
EndProject
Project("{FAE04EC0-301F-11D3-BF4B-00C04F79EFBC}") = "App1.iOS", "App1\App1.iOS\App1.iOS.csproj", "{589F0108-367C-4A17-B47E-F320519BB0B6}"
EndProject
Project("{FAE04EC0-301F-11D3-BF4B-00C04F79EFBC}") = "App1.WinPhone", "App1\App1.WinPhone\App1.WinPhone.csproj", "{8FCB4DF2-3A48-4A07-820D-4F4FD56F942E}"
EndProject
Project("{FAE04EC0-301F-11D3-BF4B-00C04F79EFBC}") = "App1.Windows", "App1\App1.Windows\App1.Windows.csproj", "{72B73579-42C0-4453-93DA-7350DB52A81C}"
EndProject
Project("{FAE04EC0-301F-11D3-BF4B-00C04F79EFBC}") = "App1", "App1\App1\App1.csproj", "{9A964354-66C6-4002-AF63-41C8A39829D0}"
EndProject
Global
	GlobalSection(SolutionConfigurationPlatforms) = preSolution
		Ad-Hoc|Any CPU = Ad-Hoc|Any CPU
		Ad-Hoc|ARM = Ad-Hoc|ARM
		Ad-Hoc|iPhone = Ad-Hoc|iPhone
		Ad-Hoc|iPhoneSimulator = Ad-Hoc|iPhoneSimulator
		Ad-Hoc|x64 = Ad-Hoc|x64
		Ad-Hoc|x86 = Ad-Hoc|x86
		AppStore|Any CPU = AppStore|Any CPU
		AppStore|ARM = AppStore|ARM
		AppStore|iPhone = AppStore|iPhone
		AppStore|iPhoneSimulator = AppStore|iPhoneSimulator
		AppStore|x64 = AppStore|x64
		AppStore|x86 = AppStore|x86
		Debug|Any CPU = Debug|Any CPU
		Debug|ARM = Debug|ARM
		Debug|iPhone = Debug|iPhone
		Debug|iPhoneSimulator = Debug|iPhoneSimulator
		Debug|x64 = Debug|x64
		Debug|x86 = Debug|x86
		Release|Any CPU = Release|Any CPU
		Release|ARM = Release|ARM
		Release|iPhone = Release|iPhone
		Release|iPhoneSimulator = Release|iPhoneSimulator
		Release|x64 = Release|x64
		Release|x86 = Release|x86
	EndGlobalSection
	GlobalSection(ProjectConfigurationPlatforms) = postSolution
		{C419538F-A6B6-4FCF-913F-CC538E4F10C7}.Ad-Hoc|Any CPU.ActiveCfg = Release|Any CPU
		{C419538F-A6B6-4FCF-913F-CC538E4F10C7}.Ad-Hoc|Any CPU.Build.0 = Release|Any CPU
		{C419538F-A6B6-4FCF-913F-CC538E4F10C7}.Ad-Hoc|Any CPU.Deploy.0 = Release|Any CPU
		{C419538F-A6B6-4FCF-913F-CC538E4F10C7}.Ad-Hoc|ARM.ActiveCfg = Release|Any CPU
		{C419538F-A6B6-4FCF-913F-CC538E4F10C7}.Ad-Hoc|ARM.Build.0 = Release|Any CPU
		{C419538F-A6B6-4FCF-913F-CC538E4F10C7}.Ad-Hoc|ARM.Deploy.0 = Release|Any CPU
		{C419538F-A6B6-4FCF-913F-CC538E4F10C7}.Ad-Hoc|iPhone.ActiveCfg = Release|Any CPU
		{C419538F-A6B6-4FCF-913F-CC538E4F10C7}.Ad-Hoc|iPhone.Build.0 = Release|Any CPU
		{C419538F-A6B6-4FCF-913F-CC538E4F10C7}.Ad-Hoc|iPhone.Deploy.0 = Release|Any CPU
		{C419538F-A6B6-4FCF-913F-CC538E4F10C7}.Ad-Hoc|iPhoneSimulator.ActiveCfg = Release|Any CPU
		{C419538F-A6B6-4FCF-913F-CC538E4F10C7}.Ad-Hoc|iPhoneSimulator.Build.0 = Release|Any CPU
		{C419538F-A6B6-4FCF-913F-CC538E4F10C7}.Ad-Hoc|iPhoneSimulator.Deploy.0 = Release|Any CPU
		{C419538F-A6B6-4FCF-913F-CC538E4F10C7}.Ad-Hoc|x64.ActiveCfg = Release|Any CPU
		{C419538F-A6B6-4FCF-913F-CC538E4F10C7}.Ad-Hoc|x64.Build.0 = Release|Any CPU
		{C419538F-A6B6-4FCF-913F-CC538E4F10C7}.Ad-Hoc|x64.Deploy.0 = Release|Any CPU
		{C419538F-A6B6-4FCF-913F-CC538E4F10C7}.Ad-Hoc|x86.ActiveCfg = Release|Any CPU
		{C419538F-A6B6-4FCF-913F-CC538E4F10C7}.Ad-Hoc|x86.Build.0 = Release|Any CPU
		{C419538F-A6B6-4FCF-913F-CC538E4F10C7}.Ad-Hoc|x86.Deploy.0 = Release|Any CPU
		{C419538F-A6B6-4FCF-913F-CC538E4F10C7}.AppStore|Any CPU.ActiveCfg = Release|Any CPU
		{C419538F-A6B6-4FCF-913F-CC538E4F10C7}.AppStore|Any CPU.Build.0 = Release|Any CPU
		{C419538F-A6B6-4FCF-913F-CC538E4F10C7}.AppStore|Any CPU.Deploy.0 = Release|Any CPU
		{C419538F-A6B6-4FCF-913F-CC538E4F10C7}.AppStore|ARM.ActiveCfg = Release|Any CPU
		{C419538F-A6B6-4FCF-913F-CC538E4F10C7}.AppStore|ARM.Build.0 = Release|Any CPU
		{C419538F-A6B6-4FCF-913F-CC538E4F10C7}.AppStore|ARM.Deploy.0 = Release|Any CPU
		{C419538F-A6B6-4FCF-913F-CC538E4F10C7}.AppStore|iPhone.ActiveCfg = Release|Any CPU
		{C419538F-A6B6-4FCF-913F-CC538E4F10C7}.AppStore|iPhone.Build.0 = Release|Any CPU
		{C419538F-A6B6-4FCF-913F-CC538E4F10C7}.AppStore|iPhone.Deploy.0 = Release|Any CPU
		{C419538F-A6B6-4FCF-913F-CC538E4F10C7}.AppStore|iPhoneSimulator.ActiveCfg = Release|Any CPU
		{C419538F-A6B6-4FCF-913F-CC538E4F10C7}.AppStore|iPhoneSimulator.Build.0 = Release|Any CPU
		{C419538F-A6B6-4FCF-913F-CC538E4F10C7}.AppStore|iPhoneSimulator.Deploy.0 = Release|Any CPU
		{C419538F-A6B6-4FCF-913F-CC538E4F10C7}.AppStore|x64.ActiveCfg = Release|Any CPU
		{C419538F-A6B6-4FCF-913F-CC538E4F10C7}.AppStore|x64.Build.0 = Release|Any CPU
		{C419538F-A6B6-4FCF-913F-CC538E4F10C7}.AppStore|x64.Deploy.0 = Release|Any CPU
		{C419538F-A6B6-4FCF-913F-CC538E4F10C7}.AppStore|x86.ActiveCfg = Release|Any CPU
		{C419538F-A6B6-4FCF-913F-CC538E4F10C7}.AppStore|x86.Build.0 = Release|Any CPU
		{C419538F-A6B6-4FCF-913F-CC538E4F10C7}.AppStore|x86.Deploy.0 = Release|Any CPU
		{C419538F-A6B6-4FCF-913F-CC538E4F10C7}.Debug|Any CPU.ActiveCfg = Debug|Any CPU
		{C419538F-A6B6-4FCF-913F-CC538E4F10C7}.Debug|Any CPU.Build.0 = Debug|Any CPU
		{C419538F-A6B6-4FCF-913F-CC538E4F10C7}.Debug|Any CPU.Deploy.0 = Debug|Any CPU
		{C419538F-A6B6-4FCF-913F-CC538E4F10C7}.Debug|ARM.ActiveCfg = Debug|Any CPU
		{C419538F-A6B6-4FCF-913F-CC538E4F10C7}.Debug|ARM.Build.0 = Debug|Any CPU
		{C419538F-A6B6-4FCF-913F-CC538E4F10C7}.Debug|ARM.Deploy.0 = Debug|Any CPU
		{C419538F-A6B6-4FCF-913F-CC538E4F10C7}.Debug|iPhone.ActiveCfg = Debug|Any CPU
		{C419538F-A6B6-4FCF-913F-CC538E4F10C7}.Debug|iPhone.Build.0 = Debug|Any CPU
		{C419538F-A6B6-4FCF-913F-CC538E4F10C7}.Debug|iPhone.Deploy.0 = Debug|Any CPU
		{C419538F-A6B6-4FCF-913F-CC538E4F10C7}.Debug|iPhoneSimulator.ActiveCfg = Debug|Any CPU
		{C419538F-A6B6-4FCF-913F-CC538E4F10C7}.Debug|iPhoneSimulator.Build.0 = Debug|Any CPU
		{C419538F-A6B6-4FCF-913F-CC538E4F10C7}.Debug|iPhoneSimulator.Deploy.0 = Debug|Any CPU
		{C419538F-A6B6-4FCF-913F-CC538E4F10C7}.Debug|x64.ActiveCfg = Debug|Any CPU
		{C419538F-A6B6-4FCF-913F-CC538E4F10C7}.Debug|x64.Build.0 = Debug|Any CPU
		{C419538F-A6B6-4FCF-913F-CC538E4F10C7}.Debug|x64.Deploy.0 = Debug|Any CPU
		{C419538F-A6B6-4FCF-913F-CC538E4F10C7}.Debug|x86.ActiveCfg = Debug|Any CPU
		{C419538F-A6B6-4FCF-913F-CC538E4F10C7}.Debug|x86.Build.0 = Debug|Any CPU
		{C419538F-A6B6-4FCF-913F-CC538E4F10C7}.Debug|x86.Deploy.0 = Debug|Any CPU
		{C419538F-A6B6-4FCF-913F-CC538E4F10C7}.Release|Any CPU.ActiveCfg = Release|Any CPU
		{C419538F-A6B6-4FCF-913F-CC538E4F10C7}.Release|Any CPU.Build.0 = Release|Any CPU
		{C419538F-A6B6-4FCF-913F-CC538E4F10C7}.Release|Any CPU.Deploy.0 = Release|Any CPU
		{C419538F-A6B6-4FCF-913F-CC538E4F10C7}.Release|ARM.ActiveCfg = Release|Any CPU
		{C419538F-A6B6-4FCF-913F-CC538E4F10C7}.Release|ARM.Build.0 = Release|Any CPU
		{C419538F-A6B6-4FCF-913F-CC538E4F10C7}.Release|ARM.Deploy.0 = Release|Any CPU
		{C419538F-A6B6-4FCF-913F-CC538E4F10C7}.Release|iPhone.ActiveCfg = Release|Any CPU
		{C419538F-A6B6-4FCF-913F-CC538E4F10C7}.Release|iPhone.Build.0 = Release|Any CPU
		{C419538F-A6B6-4FCF-913F-CC538E4F10C7}.Release|iPhone.Deploy.0 = Release|Any CPU
		{C419538F-A6B6-4FCF-913F-CC538E4F10C7}.Release|iPhoneSimulator.ActiveCfg = Release|Any CPU
		{C419538F-A6B6-4FCF-913F-CC538E4F10C7}.Release|iPhoneSimulator.Build.0 = Release|Any CPU
		{C419538F-A6B6-4FCF-913F-CC538E4F10C7}.Release|iPhoneSimulator.Deploy.0 = Release|Any CPU
		{C419538F-A6B6-4FCF-913F-CC538E4F10C7}.Release|x64.ActiveCfg = Release|Any CPU
		{C419538F-A6B6-4FCF-913F-CC538E4F10C7}.Release|x64.Build.0 = Release|Any CPU
		{C419538F-A6B6-4FCF-913F-CC538E4F10C7}.Release|x64.Deploy.0 = Release|Any CPU
		{C419538F-A6B6-4FCF-913F-CC538E4F10C7}.Release|x86.ActiveCfg = Release|Any CPU
		{C419538F-A6B6-4FCF-913F-CC538E4F10C7}.Release|x86.Build.0 = Release|Any CPU
		{C419538F-A6B6-4FCF-913F-CC538E4F10C7}.Release|x86.Deploy.0 = Release|Any CPU
		{589F0108-367C-4A17-B47E-F320519BB0B6}.Ad-Hoc|Any CPU.ActiveCfg = Ad-Hoc|iPhone
		{589F0108-367C-4A17-B47E-F320519BB0B6}.Ad-Hoc|ARM.ActiveCfg = Ad-Hoc|iPhone
		{589F0108-367C-4A17-B47E-F320519BB0B6}.Ad-Hoc|iPhone.ActiveCfg = Ad-Hoc|iPhone
		{589F0108-367C-4A17-B47E-F320519BB0B6}.Ad-Hoc|iPhone.Build.0 = Ad-Hoc|iPhone
		{589F0108-367C-4A17-B47E-F320519BB0B6}.Ad-Hoc|iPhoneSimulator.ActiveCfg = Ad-Hoc|iPhoneSimulator
		{589F0108-367C-4A17-B47E-F320519BB0B6}.Ad-Hoc|iPhoneSimulator.Build.0 = Ad-Hoc|iPhoneSimulator
		{589F0108-367C-4A17-B47E-F320519BB0B6}.Ad-Hoc|x64.ActiveCfg = Ad-Hoc|iPhone
		{589F0108-367C-4A17-B47E-F320519BB0B6}.Ad-Hoc|x86.ActiveCfg = Ad-Hoc|iPhone
		{589F0108-367C-4A17-B47E-F320519BB0B6}.AppStore|Any CPU.ActiveCfg = AppStore|iPhone
		{589F0108-367C-4A17-B47E-F320519BB0B6}.AppStore|ARM.ActiveCfg = AppStore|iPhone
		{589F0108-367C-4A17-B47E-F320519BB0B6}.AppStore|iPhone.ActiveCfg = AppStore|iPhone
		{589F0108-367C-4A17-B47E-F320519BB0B6}.AppStore|iPhone.Build.0 = AppStore|iPhone
		{589F0108-367C-4A17-B47E-F320519BB0B6}.AppStore|iPhoneSimulator.ActiveCfg = AppStore|iPhoneSimulator
		{589F0108-367C-4A17-B47E-F320519BB0B6}.AppStore|iPhoneSimulator.Build.0 = AppStore|iPhoneSimulator
		{589F0108-367C-4A17-B47E-F320519BB0B6}.AppStore|x64.ActiveCfg = AppStore|iPhone
		{589F0108-367C-4A17-B47E-F320519BB0B6}.AppStore|x86.ActiveCfg = AppStore|iPhone
		{589F0108-367C-4A17-B47E-F320519BB0B6}.Debug|Any CPU.ActiveCfg = Debug|iPhone
		{589F0108-367C-4A17-B47E-F320519BB0B6}.Debug|ARM.ActiveCfg = Debug|iPhone
		{589F0108-367C-4A17-B47E-F320519BB0B6}.Debug|iPhone.ActiveCfg = Debug|iPhone
		{589F0108-367C-4A17-B47E-F320519BB0B6}.Debug|iPhone.Build.0 = Debug|iPhone
		{589F0108-367C-4A17-B47E-F320519BB0B6}.Debug|iPhoneSimulator.ActiveCfg = Debug|iPhoneSimulator
		{589F0108-367C-4A17-B47E-F320519BB0B6}.Debug|iPhoneSimulator.Build.0 = Debug|iPhoneSimulator
		{589F0108-367C-4A17-B47E-F320519BB0B6}.Debug|x64.ActiveCfg = Debug|iPhone
		{589F0108-367C-4A17-B47E-F320519BB0B6}.Debug|x86.ActiveCfg = Debug|iPhone
		{589F0108-367C-4A17-B47E-F320519BB0B6}.Release|Any CPU.ActiveCfg = Release|iPhone
		{589F0108-367C-4A17-B47E-F320519BB0B6}.Release|ARM.ActiveCfg = Release|iPhone
		{589F0108-367C-4A17-B47E-F320519BB0B6}.Release|iPhone.ActiveCfg = Release|iPhone
		{589F0108-367C-4A17-B47E-F320519BB0B6}.Release|iPhone.Build.0 = Release|iPhone
		{589F0108-367C-4A17-B47E-F320519BB0B6}.Release|iPhoneSimulator.ActiveCfg = Release|iPhoneSimulator
		{589F0108-367C-4A17-B47E-F320519BB0B6}.Release|iPhoneSimulator.Build.0 = Release|iPhoneSimulator
		{589F0108-367C-4A17-B47E-F320519BB0B6}.Release|x64.ActiveCfg = Release|iPhone
		{589F0108-367C-4A17-B47E-F320519BB0B6}.Release|x86.ActiveCfg = Release|iPhone
		{8FCB4DF2-3A48-4A07-820D-4F4FD56F942E}.Ad-Hoc|Any CPU.ActiveCfg = Release|Any CPU
		{8FCB4DF2-3A48-4A07-820D-4F4FD56F942E}.Ad-Hoc|Any CPU.Build.0 = Release|Any CPU
		{8FCB4DF2-3A48-4A07-820D-4F4FD56F942E}.Ad-Hoc|Any CPU.Deploy.0 = Release|Any CPU
		{8FCB4DF2-3A48-4A07-820D-4F4FD56F942E}.Ad-Hoc|ARM.ActiveCfg = Release|ARM
		{8FCB4DF2-3A48-4A07-820D-4F4FD56F942E}.Ad-Hoc|ARM.Build.0 = Release|ARM
		{8FCB4DF2-3A48-4A07-820D-4F4FD56F942E}.Ad-Hoc|ARM.Deploy.0 = Release|ARM
		{8FCB4DF2-3A48-4A07-820D-4F4FD56F942E}.Ad-Hoc|iPhone.ActiveCfg = Release|Any CPU
		{8FCB4DF2-3A48-4A07-820D-4F4FD56F942E}.Ad-Hoc|iPhone.Build.0 = Release|Any CPU
		{8FCB4DF2-3A48-4A07-820D-4F4FD56F942E}.Ad-Hoc|iPhone.Deploy.0 = Release|Any CPU
		{8FCB4DF2-3A48-4A07-820D-4F4FD56F942E}.Ad-Hoc|iPhoneSimulator.ActiveCfg = Release|Any CPU
		{8FCB4DF2-3A48-4A07-820D-4F4FD56F942E}.Ad-Hoc|iPhoneSimulator.Build.0 = Release|Any CPU
		{8FCB4DF2-3A48-4A07-820D-4F4FD56F942E}.Ad-Hoc|iPhoneSimulator.Deploy.0 = Release|Any CPU
		{8FCB4DF2-3A48-4A07-820D-4F4FD56F942E}.Ad-Hoc|x64.ActiveCfg = Release|Any CPU
		{8FCB4DF2-3A48-4A07-820D-4F4FD56F942E}.Ad-Hoc|x64.Build.0 = Release|Any CPU
		{8FCB4DF2-3A48-4A07-820D-4F4FD56F942E}.Ad-Hoc|x64.Deploy.0 = Release|Any CPU
		{8FCB4DF2-3A48-4A07-820D-4F4FD56F942E}.Ad-Hoc|x86.ActiveCfg = Release|x86
		{8FCB4DF2-3A48-4A07-820D-4F4FD56F942E}.Ad-Hoc|x86.Build.0 = Release|x86
		{8FCB4DF2-3A48-4A07-820D-4F4FD56F942E}.Ad-Hoc|x86.Deploy.0 = Release|x86
		{8FCB4DF2-3A48-4A07-820D-4F4FD56F942E}.AppStore|Any CPU.ActiveCfg = Release|Any CPU
		{8FCB4DF2-3A48-4A07-820D-4F4FD56F942E}.AppStore|Any CPU.Build.0 = Release|Any CPU
		{8FCB4DF2-3A48-4A07-820D-4F4FD56F942E}.AppStore|Any CPU.Deploy.0 = Release|Any CPU
		{8FCB4DF2-3A48-4A07-820D-4F4FD56F942E}.AppStore|ARM.ActiveCfg = Release|ARM
		{8FCB4DF2-3A48-4A07-820D-4F4FD56F942E}.AppStore|ARM.Build.0 = Release|ARM
		{8FCB4DF2-3A48-4A07-820D-4F4FD56F942E}.AppStore|ARM.Deploy.0 = Release|ARM
		{8FCB4DF2-3A48-4A07-820D-4F4FD56F942E}.AppStore|iPhone.ActiveCfg = Release|Any CPU
		{8FCB4DF2-3A48-4A07-820D-4F4FD56F942E}.AppStore|iPhone.Build.0 = Release|Any CPU
		{8FCB4DF2-3A48-4A07-820D-4F4FD56F942E}.AppStore|iPhone.Deploy.0 = Release|Any CPU
		{8FCB4DF2-3A48-4A07-820D-4F4FD56F942E}.AppStore|iPhoneSimulator.ActiveCfg = Release|Any CPU
		{8FCB4DF2-3A48-4A07-820D-4F4FD56F942E}.AppStore|iPhoneSimulator.Build.0 = Release|Any CPU
		{8FCB4DF2-3A48-4A07-820D-4F4FD56F942E}.AppStore|iPhoneSimulator.Deploy.0 = Release|Any CPU
		{8FCB4DF2-3A48-4A07-820D-4F4FD56F942E}.AppStore|x64.ActiveCfg = Release|Any CPU
		{8FCB4DF2-3A48-4A07-820D-4F4FD56F942E}.AppStore|x64.Build.0 = Release|Any CPU
		{8FCB4DF2-3A48-4A07-820D-4F4FD56F942E}.AppStore|x64.Deploy.0 = Release|Any CPU
		{8FCB4DF2-3A48-4A07-820D-4F4FD56F942E}.AppStore|x86.ActiveCfg = Release|x86
		{8FCB4DF2-3A48-4A07-820D-4F4FD56F942E}.AppStore|x86.Build.0 = Release|x86
		{8FCB4DF2-3A48-4A07-820D-4F4FD56F942E}.AppStore|x86.Deploy.0 = Release|x86
		{8FCB4DF2-3A48-4A07-820D-4F4FD56F942E}.Debug|Any CPU.ActiveCfg = Debug|Any CPU
		{8FCB4DF2-3A48-4A07-820D-4F4FD56F942E}.Debug|Any CPU.Build.0 = Debug|Any CPU
		{8FCB4DF2-3A48-4A07-820D-4F4FD56F942E}.Debug|Any CPU.Deploy.0 = Debug|Any CPU
		{8FCB4DF2-3A48-4A07-820D-4F4FD56F942E}.Debug|ARM.ActiveCfg = Debug|ARM
		{8FCB4DF2-3A48-4A07-820D-4F4FD56F942E}.Debug|ARM.Build.0 = Debug|ARM
		{8FCB4DF2-3A48-4A07-820D-4F4FD56F942E}.Debug|ARM.Deploy.0 = Debug|ARM
		{8FCB4DF2-3A48-4A07-820D-4F4FD56F942E}.Debug|iPhone.ActiveCfg = Debug|Any CPU
		{8FCB4DF2-3A48-4A07-820D-4F4FD56F942E}.Debug|iPhone.Build.0 = Debug|Any CPU
		{8FCB4DF2-3A48-4A07-820D-4F4FD56F942E}.Debug|iPhone.Deploy.0 = Debug|Any CPU
		{8FCB4DF2-3A48-4A07-820D-4F4FD56F942E}.Debug|iPhoneSimulator.ActiveCfg = Debug|Any CPU
		{8FCB4DF2-3A48-4A07-820D-4F4FD56F942E}.Debug|iPhoneSimulator.Build.0 = Debug|Any CPU
		{8FCB4DF2-3A48-4A07-820D-4F4FD56F942E}.Debug|iPhoneSimulator.Deploy.0 = Debug|Any CPU
		{8FCB4DF2-3A48-4A07-820D-4F4FD56F942E}.Debug|x64.ActiveCfg = Debug|Any CPU
		{8FCB4DF2-3A48-4A07-820D-4F4FD56F942E}.Debug|x64.Build.0 = Debug|Any CPU
		{8FCB4DF2-3A48-4A07-820D-4F4FD56F942E}.Debug|x64.Deploy.0 = Debug|Any CPU
		{8FCB4DF2-3A48-4A07-820D-4F4FD56F942E}.Debug|x86.ActiveCfg = Debug|x86
		{8FCB4DF2-3A48-4A07-820D-4F4FD56F942E}.Debug|x86.Build.0 = Debug|x86
		{8FCB4DF2-3A48-4A07-820D-4F4FD56F942E}.Debug|x86.Deploy.0 = Debug|x86
		{8FCB4DF2-3A48-4A07-820D-4F4FD56F942E}.Release|Any CPU.ActiveCfg = Release|Any CPU
		{8FCB4DF2-3A48-4A07-820D-4F4FD56F942E}.Release|Any CPU.Build.0 = Release|Any CPU
		{8FCB4DF2-3A48-4A07-820D-4F4FD56F942E}.Release|Any CPU.Deploy.0 = Release|Any CPU
		{8FCB4DF2-3A48-4A07-820D-4F4FD56F942E}.Release|ARM.ActiveCfg = Release|ARM
		{8FCB4DF2-3A48-4A07-820D-4F4FD56F942E}.Release|ARM.Build.0 = Release|ARM
		{8FCB4DF2-3A48-4A07-820D-4F4FD56F942E}.Release|ARM.Deploy.0 = Release|ARM
		{8FCB4DF2-3A48-4A07-820D-4F4FD56F942E}.Release|iPhone.ActiveCfg = Release|Any CPU
		{8FCB4DF2-3A48-4A07-820D-4F4FD56F942E}.Release|iPhone.Build.0 = Release|Any CPU
		{8FCB4DF2-3A48-4A07-820D-4F4FD56F942E}.Release|iPhone.Deploy.0 = Release|Any CPU
		{8FCB4DF2-3A48-4A07-820D-4F4FD56F942E}.Release|iPhoneSimulator.ActiveCfg = Release|Any CPU
		{8FCB4DF2-3A48-4A07-820D-4F4FD56F942E}.Release|iPhoneSimulator.Build.0 = Release|Any CPU
		{8FCB4DF2-3A48-4A07-820D-4F4FD56F942E}.Release|iPhoneSimulator.Deploy.0 = Release|Any CPU
		{8FCB4DF2-3A48-4A07-820D-4F4FD56F942E}.Release|x64.ActiveCfg = Release|Any CPU
		{8FCB4DF2-3A48-4A07-820D-4F4FD56F942E}.Release|x64.Build.0 = Release|Any CPU
		{8FCB4DF2-3A48-4A07-820D-4F4FD56F942E}.Release|x64.Deploy.0 = Release|Any CPU
		{8FCB4DF2-3A48-4A07-820D-4F4FD56F942E}.Release|x86.ActiveCfg = Release|x86
		{8FCB4DF2-3A48-4A07-820D-4F4FD56F942E}.Release|x86.Build.0 = Release|x86
		{8FCB4DF2-3A48-4A07-820D-4F4FD56F942E}.Release|x86.Deploy.0 = Release|x86
		{72B73579-42C0-4453-93DA-7350DB52A81C}.Ad-Hoc|Any CPU.ActiveCfg = Release|Any CPU
		{72B73579-42C0-4453-93DA-7350DB52A81C}.Ad-Hoc|Any CPU.Build.0 = Release|Any CPU
		{72B73579-42C0-4453-93DA-7350DB52A81C}.Ad-Hoc|Any CPU.Deploy.0 = Release|Any CPU
		{72B73579-42C0-4453-93DA-7350DB52A81C}.Ad-Hoc|ARM.ActiveCfg = Release|ARM
		{72B73579-42C0-4453-93DA-7350DB52A81C}.Ad-Hoc|ARM.Build.0 = Release|ARM
		{72B73579-42C0-4453-93DA-7350DB52A81C}.Ad-Hoc|ARM.Deploy.0 = Release|ARM
		{72B73579-42C0-4453-93DA-7350DB52A81C}.Ad-Hoc|iPhone.ActiveCfg = Release|Any CPU
		{72B73579-42C0-4453-93DA-7350DB52A81C}.Ad-Hoc|iPhone.Build.0 = Release|Any CPU
		{72B73579-42C0-4453-93DA-7350DB52A81C}.Ad-Hoc|iPhone.Deploy.0 = Release|Any CPU
		{72B73579-42C0-4453-93DA-7350DB52A81C}.Ad-Hoc|iPhoneSimulator.ActiveCfg = Release|Any CPU
		{72B73579-42C0-4453-93DA-7350DB52A81C}.Ad-Hoc|iPhoneSimulator.Build.0 = Release|Any CPU
		{72B73579-42C0-4453-93DA-7350DB52A81C}.Ad-Hoc|iPhoneSimulator.Deploy.0 = Release|Any CPU
		{72B73579-42C0-4453-93DA-7350DB52A81C}.Ad-Hoc|x64.ActiveCfg = Release|x64
		{72B73579-42C0-4453-93DA-7350DB52A81C}.Ad-Hoc|x64.Build.0 = Release|x64
		{72B73579-42C0-4453-93DA-7350DB52A81C}.Ad-Hoc|x64.Deploy.0 = Release|x64
		{72B73579-42C0-4453-93DA-7350DB52A81C}.Ad-Hoc|x86.ActiveCfg = Release|x86
		{72B73579-42C0-4453-93DA-7350DB52A81C}.Ad-Hoc|x86.Build.0 = Release|x86
		{72B73579-42C0-4453-93DA-7350DB52A81C}.Ad-Hoc|x86.Deploy.0 = Release|x86
		{72B73579-42C0-4453-93DA-7350DB52A81C}.AppStore|Any CPU.ActiveCfg = Release|Any CPU
		{72B73579-42C0-4453-93DA-7350DB52A81C}.AppStore|Any CPU.Build.0 = Release|Any CPU
		{72B73579-42C0-4453-93DA-7350DB52A81C}.AppStore|Any CPU.Deploy.0 = Release|Any CPU
		{72B73579-42C0-4453-93DA-7350DB52A81C}.AppStore|ARM.ActiveCfg = Release|ARM
		{72B73579-42C0-4453-93DA-7350DB52A81C}.AppStore|ARM.Build.0 = Release|ARM
		{72B73579-42C0-4453-93DA-7350DB52A81C}.AppStore|ARM.Deploy.0 = Release|ARM
		{72B73579-42C0-4453-93DA-7350DB52A81C}.AppStore|iPhone.ActiveCfg = Release|Any CPU
		{72B73579-42C0-4453-93DA-7350DB52A81C}.AppStore|iPhone.Build.0 = Release|Any CPU
		{72B73579-42C0-4453-93DA-7350DB52A81C}.AppStore|iPhone.Deploy.0 = Release|Any CPU
		{72B73579-42C0-4453-93DA-7350DB52A81C}.AppStore|iPhoneSimulator.ActiveCfg = Release|Any CPU
		{72B73579-42C0-4453-93DA-7350DB52A81C}.AppStore|iPhoneSimulator.Build.0 = Release|Any CPU
		{72B73579-42C0-4453-93DA-7350DB52A81C}.AppStore|iPhoneSimulator.Deploy.0 = Release|Any CPU
		{72B73579-42C0-4453-93DA-7350DB52A81C}.AppStore|x64.ActiveCfg = Release|x64
		{72B73579-42C0-4453-93DA-7350DB52A81C}.AppStore|x64.Build.0 = Release|x64
		{72B73579-42C0-4453-93DA-7350DB52A81C}.AppStore|x64.Deploy.0 = Release|x64
		{72B73579-42C0-4453-93DA-7350DB52A81C}.AppStore|x86.ActiveCfg = Release|x86
		{72B73579-42C0-4453-93DA-7350DB52A81C}.AppStore|x86.Build.0 = Release|x86
		{72B73579-42C0-4453-93DA-7350DB52A81C}.AppStore|x86.Deploy.0 = Release|x86
		{72B73579-42C0-4453-93DA-7350DB52A81C}.Debug|Any CPU.ActiveCfg = Debug|Any CPU
		{72B73579-42C0-4453-93DA-7350DB52A81C}.Debug|Any CPU.Build.0 = Debug|Any CPU
		{72B73579-42C0-4453-93DA-7350DB52A81C}.Debug|Any CPU.Deploy.0 = Debug|Any CPU
		{72B73579-42C0-4453-93DA-7350DB52A81C}.Debug|ARM.ActiveCfg = Debug|ARM
		{72B73579-42C0-4453-93DA-7350DB52A81C}.Debug|ARM.Build.0 = Debug|ARM
		{72B73579-42C0-4453-93DA-7350DB52A81C}.Debug|ARM.Deploy.0 = Debug|ARM
		{72B73579-42C0-4453-93DA-7350DB52A81C}.Debug|iPhone.ActiveCfg = Debug|Any CPU
		{72B73579-42C0-4453-93DA-7350DB52A81C}.Debug|iPhone.Build.0 = Debug|Any CPU
		{72B73579-42C0-4453-93DA-7350DB52A81C}.Debug|iPhone.Deploy.0 = Debug|Any CPU
		{72B73579-42C0-4453-93DA-7350DB52A81C}.Debug|iPhoneSimulator.ActiveCfg = Debug|Any CPU
		{72B73579-42C0-4453-93DA-7350DB52A81C}.Debug|iPhoneSimulator.Build.0 = Debug|Any CPU
		{72B73579-42C0-4453-93DA-7350DB52A81C}.Debug|iPhoneSimulator.Deploy.0 = Debug|Any CPU
		{72B73579-42C0-4453-93DA-7350DB52A81C}.Debug|x64.ActiveCfg = Debug|x64
		{72B73579-42C0-4453-93DA-7350DB52A81C}.Debug|x64.Build.0 = Debug|x64
		{72B73579-42C0-4453-93DA-7350DB52A81C}.Debug|x64.Deploy.0 = Debug|x64
		{72B73579-42C0-4453-93DA-7350DB52A81C}.Debug|x86.ActiveCfg = Debug|x86
		{72B73579-42C0-4453-93DA-7350DB52A81C}.Debug|x86.Build.0 = Debug|x86
		{72B73579-42C0-4453-93DA-7350DB52A81C}.Debug|x86.Deploy.0 = Debug|x86
		{72B73579-42C0-4453-93DA-7350DB52A81C}.Release|Any CPU.ActiveCfg = Release|Any CPU
		{72B73579-42C0-4453-93DA-7350DB52A81C}.Release|Any CPU.Build.0 = Release|Any CPU
		{72B73579-42C0-4453-93DA-7350DB52A81C}.Release|Any CPU.Deploy.0 = Release|Any CPU
		{72B73579-42C0-4453-93DA-7350DB52A81C}.Release|ARM.ActiveCfg = Release|ARM
		{72B73579-42C0-4453-93DA-7350DB52A81C}.Release|ARM.Build.0 = Release|ARM
		{72B73579-42C0-4453-93DA-7350DB52A81C}.Release|ARM.Deploy.0 = Release|ARM
		{72B73579-42C0-4453-93DA-7350DB52A81C}.Release|iPhone.ActiveCfg = Release|Any CPU
		{72B73579-42C0-4453-93DA-7350DB52A81C}.Release|iPhone.Build.0 = Release|Any CPU
		{72B73579-42C0-4453-93DA-7350DB52A81C}.Release|iPhone.Deploy.0 = Release|Any CPU
		{72B73579-42C0-4453-93DA-7350DB52A81C}.Release|iPhoneSimulator.ActiveCfg = Release|Any CPU
		{72B73579-42C0-4453-93DA-7350DB52A81C}.Release|iPhoneSimulator.Build.0 = Release|Any CPU
		{72B73579-42C0-4453-93DA-7350DB52A81C}.Release|iPhoneSimulator.Deploy.0 = Release|Any CPU
		{72B73579-42C0-4453-93DA-7350DB52A81C}.Release|x64.ActiveCfg = Release|x64
		{72B73579-42C0-4453-93DA-7350DB52A81C}.Release|x64.Build.0 = Release|x64
		{72B73579-42C0-4453-93DA-7350DB52A81C}.Release|x64.Deploy.0 = Release|x64
		{72B73579-42C0-4453-93DA-7350DB52A81C}.Release|x86.ActiveCfg = Release|x86
		{72B73579-42C0-4453-93DA-7350DB52A81C}.Release|x86.Build.0 = Release|x86
		{72B73579-42C0-4453-93DA-7350DB52A81C}.Release|x86.Deploy.0 = Release|x86
		{9A964354-66C6-4002-AF63-41C8A39829D0}.Ad-Hoc|Any CPU.ActiveCfg = Release|Any CPU
		{9A964354-66C6-4002-AF63-41C8A39829D0}.Ad-Hoc|Any CPU.Build.0 = Release|Any CPU
		{9A964354-66C6-4002-AF63-41C8A39829D0}.Ad-Hoc|ARM.ActiveCfg = Release|Any CPU
		{9A964354-66C6-4002-AF63-41C8A39829D0}.Ad-Hoc|ARM.Build.0 = Release|Any CPU
		{9A964354-66C6-4002-AF63-41C8A39829D0}.Ad-Hoc|iPhone.ActiveCfg = Release|Any CPU
		{9A964354-66C6-4002-AF63-41C8A39829D0}.Ad-Hoc|iPhone.Build.0 = Release|Any CPU
		{9A964354-66C6-4002-AF63-41C8A39829D0}.Ad-Hoc|iPhoneSimulator.ActiveCfg = Release|Any CPU
		{9A964354-66C6-4002-AF63-41C8A39829D0}.Ad-Hoc|iPhoneSimulator.Build.0 = Release|Any CPU
		{9A964354-66C6-4002-AF63-41C8A39829D0}.Ad-Hoc|x64.ActiveCfg = Release|Any CPU
		{9A964354-66C6-4002-AF63-41C8A39829D0}.Ad-Hoc|x64.Build.0 = Release|Any CPU
		{9A964354-66C6-4002-AF63-41C8A39829D0}.Ad-Hoc|x86.ActiveCfg = Release|Any CPU
		{9A964354-66C6-4002-AF63-41C8A39829D0}.Ad-Hoc|x86.Build.0 = Release|Any CPU
		{9A964354-66C6-4002-AF63-41C8A39829D0}.AppStore|Any CPU.ActiveCfg = Release|Any CPU
		{9A964354-66C6-4002-AF63-41C8A39829D0}.AppStore|Any CPU.Build.0 = Release|Any CPU
		{9A964354-66C6-4002-AF63-41C8A39829D0}.AppStore|ARM.ActiveCfg = Release|Any CPU
		{9A964354-66C6-4002-AF63-41C8A39829D0}.AppStore|ARM.Build.0 = Release|Any CPU
		{9A964354-66C6-4002-AF63-41C8A39829D0}.AppStore|iPhone.ActiveCfg = Release|Any CPU
		{9A964354-66C6-4002-AF63-41C8A39829D0}.AppStore|iPhone.Build.0 = Release|Any CPU
		{9A964354-66C6-4002-AF63-41C8A39829D0}.AppStore|iPhoneSimulator.ActiveCfg = Release|Any CPU
		{9A964354-66C6-4002-AF63-41C8A39829D0}.AppStore|iPhoneSimulator.Build.0 = Release|Any CPU
		{9A964354-66C6-4002-AF63-41C8A39829D0}.AppStore|x64.ActiveCfg = Release|Any CPU
		{9A964354-66C6-4002-AF63-41C8A39829D0}.AppStore|x64.Build.0 = Release|Any CPU
		{9A964354-66C6-4002-AF63-41C8A39829D0}.AppStore|x86.ActiveCfg = Release|Any CPU
		{9A964354-66C6-4002-AF63-41C8A39829D0}.AppStore|x86.Build.0 = Release|Any CPU
		{9A964354-66C6-4002-AF63-41C8A39829D0}.Debug|Any CPU.ActiveCfg = Debug|Any CPU
		{9A964354-66C6-4002-AF63-41C8A39829D0}.Debug|Any CPU.Build.0 = Debug|Any CPU
		{9A964354-66C6-4002-AF63-41C8A39829D0}.Debug|ARM.ActiveCfg = Debug|Any CPU
		{9A964354-66C6-4002-AF63-41C8A39829D0}.Debug|ARM.Build.0 = Debug|Any CPU
		{9A964354-66C6-4002-AF63-41C8A39829D0}.Debug|iPhone.ActiveCfg = Debug|Any CPU
		{9A964354-66C6-4002-AF63-41C8A39829D0}.Debug|iPhone.Build.0 = Debug|Any CPU
		{9A964354-66C6-4002-AF63-41C8A39829D0}.Debug|iPhoneSimulator.ActiveCfg = Debug|Any CPU
		{9A964354-66C6-4002-AF63-41C8A39829D0}.Debug|iPhoneSimulator.Build.0 = Debug|Any CPU
		{9A964354-66C6-4002-AF63-41C8A39829D0}.Debug|x64.ActiveCfg = Debug|Any CPU
		{9A964354-66C6-4002-AF63-41C8A39829D0}.Debug|x64.Build.0 = Debug|Any CPU
		{9A964354-66C6-4002-AF63-41C8A39829D0}.Debug|x86.ActiveCfg = Debug|Any CPU
		{9A964354-66C6-4002-AF63-41C8A39829D0}.Debug|x86.Build.0 = Debug|Any CPU
		{9A964354-66C6-4002-AF63-41C8A39829D0}.Release|Any CPU.ActiveCfg = Release|Any CPU
		{9A964354-66C6-4002-AF63-41C8A39829D0}.Release|Any CPU.Build.0 = Release|Any CPU
		{9A964354-66C6-4002-AF63-41C8A39829D0}.Release|ARM.ActiveCfg = Release|Any CPU
		{9A964354-66C6-4002-AF63-41C8A39829D0}.Release|ARM.Build.0 = Release|Any CPU
		{9A964354-66C6-4002-AF63-41C8A39829D0}.Release|iPhone.ActiveCfg = Release|Any CPU
		{9A964354-66C6-4002-AF63-41C8A39829D0}.Release|iPhone.Build.0 = Release|Any CPU
		{9A964354-66C6-4002-AF63-41C8A39829D0}.Release|iPhoneSimulator.ActiveCfg = Release|Any CPU
		{9A964354-66C6-4002-AF63-41C8A39829D0}.Release|iPhoneSimulator.Build.0 = Release|Any CPU
		{9A964354-66C6-4002-AF63-41C8A39829D0}.Release|x64.ActiveCfg = Release|Any CPU
		{9A964354-66C6-4002-AF63-41C8A39829D0}.Release|x64.Build.0 = Release|Any CPU
		{9A964354-66C6-4002-AF63-41C8A39829D0}.Release|x86.ActiveCfg = Release|Any CPU
		{9A964354-66C6-4002-AF63-41C8A39829D0}.Release|x86.Build.0 = Release|Any CPU
	EndGlobalSection
	GlobalSection(SolutionProperties) = preSolution
		HideSolutionNode = FALSE
	EndGlobalSection
EndGlobal
